// !$*UTF8*$!
{
	archiveVersion = 1;
	classes = {
	};
	objectVersion = 90;
	objects = {

/* Begin PBXBuildFile section */
		4BA9DCEE1DCECC5B00E79ECD /* StickerPackExtension.appex in Embed Foundation Extensions */ = {isa = PBXBuildFile; fileRef = 4BA9DCED1DCECC5B00E79ECD /* StickerPackExtension.appex */; settings = {ATTRIBUTES = (RemoveHeadersOnCopy, ); }; };
		4BA9DCF21DCECC5B00E79ECD /* Stickers.xcstickers in Resources */ = {isa = PBXBuildFile; fileRef = 4BA9DCF11DCECC5B00E79ECD /* Stickers.xcstickers */; };
		4BA9DCF31DCECC5B00E79ECD /* Stickers.xcstickers in Resources */ = {isa = PBXBuildFile; fileRef = 4BA9DCF11DCECC5B00E79ECD /* Stickers.xcstickers */; };
/* End PBXBuildFile section */

/* Begin PBXContainerItemProxy section */
		4BA9DCEF1DCECC5B00E79ECD /* PBXContainerItemProxy */ = {
			isa = PBXContainerItemProxy;
			containerPortal = 4BA9DCE31DCECC5B00E79ECD /* Project object */;
			proxyType = 1;
			remoteGlobalIDString = 4BA9DCEC1DCECC5B00E79ECD;
			remoteInfo = StickerPackExtension;
		};
/* End PBXContainerItemProxy section */

/* Begin PBXCopyFilesBuildPhase section */
		4BA9DCF91DCECC5B00E79ECD /* Embed Foundation Extensions */ = {
			isa = PBXCopyFilesBuildPhase;
			dstPath = "";
			dstSubfolder = PlugIns;
			files = (
				4BA9DCEE1DCECC5B00E79ECD /* StickerPackExtension.appex in Embed Foundation Extensions */,
			);
			name = "Embed Foundation Extensions";
		};
/* End PBXCopyFilesBuildPhase section */

/* Begin PBXFileReference section */
		4B798108293D31F70065B752 /* StickerPackExtension.entitlements */ = {isa = PBXFileReference; lastKnownFileType = text.plist.entitlements; name = StickerPackExtension.entitlements; path = StickerPackExtension/StickerPackExtension.entitlements; sourceTree = "<group>"; };
		4BA9DCE91DCECC5B00E79ECD /* Stuckers.app */ = {isa = PBXFileReference; explicitFileType = wrapper.application; includeInIndex = 0; path = Stuckers.app; sourceTree = BUILT_PRODUCTS_DIR; };
		4BA9DCED1DCECC5B00E79ECD /* StickerPackExtension.appex */ = {isa = PBXFileReference; explicitFileType = "wrapper.app-extension"; includeInIndex = 0; path = StickerPackExtension.appex; sourceTree = BUILT_PRODUCTS_DIR; };
		4BA9DCF11DCECC5B00E79ECD /* Stickers.xcstickers */ = {isa = PBXFileReference; lastKnownFileType = folder.stickers; name = Stickers.xcstickers; path = StickerPackExtension/Stickers.xcstickers; sourceTree = "<group>"; };
/* End PBXFileReference section */

/* Begin PBXGroup section */
		4BA9DCE21DCECC5B00E79ECD = {
			isa = PBXGroup;
			children = (
				4B798108293D31F70065B752 /* StickerPackExtension.entitlements */,
				4BA9DCF11DCECC5B00E79ECD /* Stickers.xcstickers */,
				4BA9DCEA1DCECC5B00E79ECD /* Products */,
			);
			sourceTree = "<group>";
		};
		4BA9DCEA1DCECC5B00E79ECD /* Products */ = {
			isa = PBXGroup;
			children = (
				4BA9DCE91DCECC5B00E79ECD /* Stuckers.app */,
				4BA9DCED1DCECC5B00E79ECD /* StickerPackExtension.appex */,
			);
			name = Products;
			sourceTree = "<group>";
		};
/* End PBXGroup section */

/* Begin PBXNativeTarget section */
		4BA9DCE81DCECC5B00E79ECD /* Stuckers */ = {
			isa = PBXNativeTarget;
			buildConfigurationList = 4BA9DCFA1DCECC5B00E79ECD /* Build configuration list for PBXNativeTarget "Stuckers" */;
			buildPhases = (
				4BA9DCE71DCECC5B00E79ECD /* Resources */,
				4BA9DCF91DCECC5B00E79ECD /* Embed Foundation Extensions */,
			);
			buildRules = (
			);
			dependencies = (
				4BA9DCF01DCECC5B00E79ECD /* PBXTargetDependency */,
			);
			name = Stuckers;
			productName = Stuckers;
			productReference = 4BA9DCE91DCECC5B00E79ECD /* Stuckers.app */;
			productType = "com.apple.product-type.application.messages";
		};
		4BA9DCEC1DCECC5B00E79ECD /* StickerPackExtension */ = {
			isa = PBXNativeTarget;
			buildConfigurationList = 4BA9DCF61DCECC5B00E79ECD /* Build configuration list for PBXNativeTarget "StickerPackExtension" */;
			buildPhases = (
				4BA9DCEB1DCECC5B00E79ECD /* Resources */,
			);
			buildRules = (
			);
			name = StickerPackExtension;
			productName = StickerPackExtension;
			productReference = 4BA9DCED1DCECC5B00E79ECD /* StickerPackExtension.appex */;
			productType = "com.apple.product-type.app-extension.messages-sticker-pack";
		};
/* End PBXNativeTarget section */

/* Begin PBXProject section */
		4BA9DCE31DCECC5B00E79ECD /* Project object */ = {
			isa = PBXProject;
			attributes = {
				BuildIndependentTargetsInParallel = YES;
				LastUpgradeCheck = 2620;
				ORGANIZATIONNAME = "Austin Smith";
				TargetAttributes = {
					4BA9DCE81DCECC5B00E79ECD = {
						CreatedOnToolsVersion = 8.1;
						DevelopmentTeam = T778QMSML9;
						ProvisioningStyle = Automatic;
					};
					4BA9DCEC1DCECC5B00E79ECD = {
						CreatedOnToolsVersion = 8.1;
						DevelopmentTeam = T778QMSML9;
						ProvisioningStyle = Automatic;
					};
				};
			};
			buildConfigurationList = 4BA9DCE61DCECC5B00E79ECD /* Build configuration list for PBXProject "Stuckers" */;
			developmentRegion = en;
			hasScannedForEncodings = 0;
			knownRegions = (
				en,
				Base,
			);
			mainGroup = 4BA9DCE21DCECC5B00E79ECD;
			preferredProjectObjectVersion = 90;
			productRefGroup = 4BA9DCEA1DCECC5B00E79ECD /* Products */;
			projectDirPath = "";
			projectRoot = "";
			targets = (
				4BA9DCE81DCECC5B00E79ECD /* Stuckers */,
				4BA9DCEC1DCECC5B00E79ECD /* StickerPackExtension */,
			);
		};
/* End PBXProject section */

/* Begin PBXResourcesBuildPhase section */
		4BA9DCE71DCECC5B00E79ECD /* Resources */ = {
			isa = PBXResourcesBuildPhase;
			files = (
				4BA9DCF31DCECC5B00E79ECD /* Stickers.xcstickers in Resources */,
			);
		};
		4BA9DCEB1DCECC5B00E79ECD /* Resources */ = {
			isa = PBXResourcesBuildPhase;
			files = (
				4BA9DCF21DCECC5B00E79ECD /* Stickers.xcstickers in Resources */,
			);
		};
/* End PBXResourcesBuildPhase section */

/* Begin PBXTargetDependency section */
		4BA9DCF01DCECC5B00E79ECD /* PBXTargetDependency */ = {
			isa = PBXTargetDependency;
			target = 4BA9DCEC1DCECC5B00E79ECD /* StickerPackExtension */;
			targetProxy = 4BA9DCEF1DCECC5B00E79ECD /* PBXContainerItemProxy */;
		};
/* End PBXTargetDependency section */

/* Begin XCBuildConfiguration section */
		4BA9DCF41DCECC5B00E79ECD /* Debug configuration for PBXProject "Stuckers" */ = {
			isa = XCBuildConfiguration;
			buildSettings = {
				ALWAYS_SEARCH_USER_PATHS = NO;
				CLANG_ANALYZER_LOCALIZABILITY_NONLOCALIZED = YES;
				CLANG_ANALYZER_NONNULL = YES;
				CLANG_CXX_LANGUAGE_STANDARD = "gnu++0x";
				CLANG_CXX_LIBRARY = "libc++";
				CLANG_ENABLE_MODULES = YES;
				CLANG_ENABLE_OBJC_ARC = YES;
				CLANG_WARN_BLOCK_CAPTURE_AUTORELEASING = YES;
				CLANG_WARN_BOOL_CONVERSION = YES;
				CLANG_WARN_COMMA = YES;
				CLANG_WARN_CONSTANT_CONVERSION = YES;
				CLANG_WARN_DEPRECATED_OBJC_IMPLEMENTATIONS = YES;
				CLANG_WARN_DIRECT_OBJC_ISA_USAGE = YES_ERROR;
				CLANG_WARN_DOCUMENTATION_COMMENTS = YES;
				CLANG_WARN_EMPTY_BODY = YES;
				CLANG_WARN_ENUM_CONVERSION = YES;
				CLANG_WARN_INFINITE_RECURSION = YES;
				CLANG_WARN_INT_CONVERSION = YES;
				CLANG_WARN_NON_LITERAL_NULL_CONVERSION = YES;
				CLANG_WARN_OBJC_IMPLICIT_RETAIN_SELF = YES;
				CLANG_WARN_OBJC_LITERAL_CONVERSION = YES;
				CLANG_WARN_OBJC_ROOT_CLASS = YES_ERROR;
				CLANG_WARN_QUOTED_INCLUDE_IN_FRAMEWORK_HEADER = YES;
				CLANG_WARN_RANGE_LOOP_ANALYSIS = YES;
				CLANG_WARN_STRICT_PROTOTYPES = YES;
				CLANG_WARN_SUSPICIOUS_MOVE = YES;
				CLANG_WARN_SUSPICIOUS_MOVES = YES;
				CLANG_WARN_UNREACHABLE_CODE = YES;
				CLANG_WARN__DUPLICATE_METHOD_MATCH = YES;
				"CODE_SIGN_IDENTITY[sdk=iphoneos*]" = "iPhone Developer";
				COPY_PHASE_STRIP = NO;
				DEBUG_INFORMATION_FORMAT = dwarf;
				DEVELOPMENT_TEAM = T778QMSML9;
				ENABLE_STRICT_OBJC_MSGSEND = YES;
				ENABLE_TESTABILITY = YES;
				ENABLE_USER_SCRIPT_SANDBOXING = YES;
				GCC_C_LANGUAGE_STANDARD = gnu99;
				GCC_DYNAMIC_NO_PIC = NO;
				GCC_NO_COMMON_BLOCKS = YES;
				GCC_OPTIMIZATION_LEVEL = 0;
				GCC_PREPROCESSOR_DEFINITIONS = (
					"DEBUG=1",
					"$(inherited)",
				);
				GCC_WARN_64_TO_32_BIT_CONVERSION = YES;
				GCC_WARN_ABOUT_RETURN_TYPE = YES_ERROR;
				GCC_WARN_UNDECLARED_SELECTOR = YES;
				GCC_WARN_UNINITIALIZED_AUTOS = YES_AGGRESSIVE;
				GCC_WARN_UNUSED_FUNCTION = YES;
				GCC_WARN_UNUSED_VARIABLE = YES;
				IPHONEOS_DEPLOYMENT_TARGET = 26.0;
				MTL_ENABLE_DEBUG_INFO = YES;
				ONLY_ACTIVE_ARCH = YES;
				SDKROOT = iphoneos;
				STRING_CATALOG_GENERATE_SYMBOLS = YES;
				TARGETED_DEVICE_FAMILY = "1,2";
			};
			name = Debug;
		};
		4BA9DCF51DCECC5B00E79ECD /* Release configuration for PBXProject "Stuckers" */ = {
			isa = XCBuildConfiguration;
			buildSettings = {
				ALWAYS_SEARCH_USER_PATHS = NO;
				CLANG_ANALYZER_LOCALIZABILITY_NONLOCALIZED = YES;
				CLANG_ANALYZER_NONNULL = YES;
				CLANG_CXX_LANGUAGE_STANDARD = "gnu++0x";
				CLANG_CXX_LIBRARY = "libc++";
				CLANG_ENABLE_MODULES = YES;
				CLANG_ENABLE_OBJC_ARC = YES;
				CLANG_WARN_BLOCK_CAPTURE_AUTORELEASING = YES;
				CLANG_WARN_BOOL_CONVERSION = YES;
				CLANG_WARN_COMMA = YES;
				CLANG_WARN_CONSTANT_CONVERSION = YES;
				CLANG_WARN_DEPRECATED_OBJC_IMPLEMENTATIONS = YES;
				CLANG_WARN_DIRECT_OBJC_ISA_USAGE = YES_ERROR;
				CLANG_WARN_DOCUMENTATION_COMMENTS = YES;
				CLANG_WARN_EMPTY_BODY = YES;
				CLANG_WARN_ENUM_CONVERSION = YES;
				CLANG_WARN_INFINITE_RECURSION = YES;
				CLANG_WARN_INT_CONVERSION = YES;
				CLANG_WARN_NON_LITERAL_NULL_CONVERSION = YES;
				CLANG_WARN_OBJC_IMPLICIT_RETAIN_SELF = YES;
				CLANG_WARN_OBJC_LITERAL_CONVERSION = YES;
				CLANG_WARN_OBJC_ROOT_CLASS = YES_ERROR;
				CLANG_WARN_QUOTED_INCLUDE_IN_FRAMEWORK_HEADER = YES;
				CLANG_WARN_RANGE_LOOP_ANALYSIS = YES;
				CLANG_WARN_STRICT_PROTOTYPES = YES;
				CLANG_WARN_SUSPICIOUS_MOVE = YES;
				CLANG_WARN_SUSPICIOUS_MOVES = YES;
				CLANG_WARN_UNREACHABLE_CODE = YES;
				CLANG_WARN__DUPLICATE_METHOD_MATCH = YES;
				"CODE_SIGN_IDENTITY[sdk=iphoneos*]" = "iPhone Developer";
				COPY_PHASE_STRIP = NO;
				DEBUG_INFORMATION_FORMAT = "dwarf-with-dsym";
				DEVELOPMENT_TEAM = T778QMSML9;
				ENABLE_NS_ASSERTIONS = NO;
				ENABLE_STRICT_OBJC_MSGSEND = YES;
				ENABLE_USER_SCRIPT_SANDBOXING = YES;
				GCC_C_LANGUAGE_STANDARD = gnu99;
				GCC_NO_COMMON_BLOCKS = YES;
				GCC_WARN_64_TO_32_BIT_CONVERSION = YES;
				GCC_WARN_ABOUT_RETURN_TYPE = YES_ERROR;
				GCC_WARN_UNDECLARED_SELECTOR = YES;
				GCC_WARN_UNINITIALIZED_AUTOS = YES_AGGRESSIVE;
				GCC_WARN_UNUSED_FUNCTION = YES;
				GCC_WARN_UNUSED_VARIABLE = YES;
				IPHONEOS_DEPLOYMENT_TARGET = 26.0;
				MTL_ENABLE_DEBUG_INFO = NO;
				SDKROOT = iphoneos;
				STRING_CATALOG_GENERATE_SYMBOLS = YES;
				TARGETED_DEVICE_FAMILY = "1,2";
				VALIDATE_PRODUCT = YES;
			};
			name = Release;
		};
		4BA9DCF71DCECC5B00E79ECD /* Debug configuration for PBXNativeTarget "StickerPackExtension" */ = {
			isa = XCBuildConfiguration;
			buildSettings = {
				ASSETCATALOG_COMPILER_APPICON_NAME = "iMessage App Icon";
				CODE_SIGN_ENTITLEMENTS = StickerPackExtension/StickerPackExtension.entitlements;
				ENABLE_APP_SANDBOX = YES;
				ENABLE_OUTGOING_NETWORK_CONNECTIONS = YES;
				INFOPLIST_FILE = StickerPackExtension/Info.plist;
				IPHONEOS_DEPLOYMENT_TARGET = 26.0;
				MARKETING_VERSION = 2.1;
				PRODUCT_BUNDLE_IDENTIFIER = austin.Stuckers.StickerPackExtension;
				PRODUCT_NAME = "$(TARGET_NAME)";
				SKIP_INSTALL = YES;
				SUPPORTS_MACCATALYST = NO;
				SUPPORTS_MAC_DESIGNED_FOR_IPHONE_IPAD = NO;
			};
			name = Debug;
		};
		4BA9DCF81DCECC5B00E79ECD /* Release configuration for PBXNativeTarget "StickerPackExtension" */ = {
			isa = XCBuildConfiguration;
			buildSettings = {
				ASSETCATALOG_COMPILER_APPICON_NAME = "iMessage App Icon";
				CODE_SIGN_ENTITLEMENTS = StickerPackExtension/StickerPackExtension.entitlements;
				ENABLE_APP_SANDBOX = YES;
				ENABLE_OUTGOING_NETWORK_CONNECTIONS = YES;
				INFOPLIST_FILE = StickerPackExtension/Info.plist;
				IPHONEOS_DEPLOYMENT_TARGET = 26.0;
				MARKETING_VERSION = 2.1;
				PRODUCT_BUNDLE_IDENTIFIER = austin.Stuckers.StickerPackExtension;
				PRODUCT_NAME = "$(TARGET_NAME)";
				SKIP_INSTALL = YES;
				SUPPORTS_MACCATALYST = NO;
				SUPPORTS_MAC_DESIGNED_FOR_IPHONE_IPAD = NO;
			};
			name = Release;
		};
		4BA9DCFB1DCECC5B00E79ECD /* Debug configuration for PBXNativeTarget "Stuckers" */ = {
			isa = XCBuildConfiguration;
			buildSettings = {
				ASSETCATALOG_COMPILER_APPICON_NAME = "iMessage App Icon";
				"CODE_SIGN_IDENTITY[sdk=iphoneos*]" = "iPhone Developer";
				INFOPLIST_FILE = Stuckers/Info.plist;
				IPHONEOS_DEPLOYMENT_TARGET = 26.0;
				MARKETING_VERSION = 2.1;
				PRODUCT_BUNDLE_IDENTIFIER = austin.Stuckers;
				PRODUCT_NAME = "$(TARGET_NAME)";
			};
			name = Debug;
		};
		4BA9DCFC1DCECC5B00E79ECD /* Release configuration for PBXNativeTarget "Stuckers" */ = {
			isa = XCBuildConfiguration;
			buildSettings = {
				ASSETCATALOG_COMPILER_APPICON_NAME = "iMessage App Icon";
				"CODE_SIGN_IDENTITY[sdk=iphoneos*]" = "iPhone Developer";
				INFOPLIST_FILE = Stuckers/Info.plist;
				IPHONEOS_DEPLOYMENT_TARGET = 26.0;
				MARKETING_VERSION = 2.1;
				PRODUCT_BUNDLE_IDENTIFIER = austin.Stuckers;
				PRODUCT_NAME = "$(TARGET_NAME)";
			};
			name = Release;
		};
/* End XCBuildConfiguration section */

/* Begin XCConfigurationList section */
		4BA9DCE61DCECC5B00E79ECD /* Build configuration list for PBXProject "Stuckers" */ = {
			isa = XCConfigurationList;
			buildConfigurations = (
				4BA9DCF41DCECC5B00E79ECD /* Debug configuration for PBXProject "Stuckers" */,
				4BA9DCF51DCECC5B00E79ECD /* Release configuration for PBXProject "Stuckers" */,
			);
			defaultConfigurationName = Release;
		};
		4BA9DCF61DCECC5B00E79ECD /* Build configuration list for PBXNativeTarget "StickerPackExtension" */ = {
			isa = XCConfigurationList;
			buildConfigurations = (
				4BA9DCF71DCECC5B00E79ECD /* Debug configuration for PBXNativeTarget "StickerPackExtension" */,
				4BA9DCF81DCECC5B00E79ECD /* Release configuration for PBXNativeTarget "StickerPackExtension" */,
			);
			defaultConfigurationName = Release;
		};
		4BA9DCFA1DCECC5B00E79ECD /* Build configuration list for PBXNativeTarget "Stuckers" */ = {
			isa = XCConfigurationList;
			buildConfigurations = (
				4BA9DCFB1DCECC5B00E79ECD /* Debug configuration for PBXNativeTarget "Stuckers" */,
				4BA9DCFC1DCECC5B00E79ECD /* Release configuration for PBXNativeTarget "Stuckers" */,
			);
			defaultConfigurationName = Release;
		};
/* End XCConfigurationList section */
	};
	rootObject = 4BA9DCE31DCECC5B00E79ECD /* Project object */;
}
